
Microsoft Visual Studio Solution File, Format Version 12.00
# Visual Studio 2012
Project("{FAE04EC0-301F-11D3-BF4B-00C04F79EFBC}") = "Deployer", "Deployer\Deployer.csproj", "{DC658394-545C-4898-839E-074062311BFF}"
EndProject
Global
	GlobalSection(SolutionConfigurationPlatforms) = preSolution
		Debug|Any CPU = Debug|Any CPU
		Release|Any CPU = Release|Any CPU
	EndGlobalSection
	GlobalSection(ProjectConfigurationPlatforms) = postSolution
		{DC658394-545C-4898-839E-074062311BFF}.Debug|Any CPU.ActiveCfg = Debug|Any CPU
		{DC658394-545C-4898-839E-074062311BFF}.Debug|Any CPU.Build.0 = Debug|Any CPU
		{DC658394-545C-4898-839E-074062311BFF}.Release|Any CPU.ActiveCfg = Release|Any CPU
		{DC658394-545C-4898-839E-074062311BFF}.Release|Any CPU.Build.0 = Release|Any CPU
	EndGlobalSection
	GlobalSection(SolutionProperties) = preSolution
		HideSolutionNode = FALSE
	EndGlobalSection
EndGlobal
